
Microsoft Visual Studio Solution File, Format Version 12.00
# Visual Studio 15
VisualStudioVersion = 15.0.28307.329
MinimumVisualStudioVersion = 10.0.40219.1
Project("{FAE04EC0-301F-11D3-BF4B-00C04F79EFBC}") = "Xam.Forms.VideoPlayer.Samples.Android", "Xam.Forms.VideoPlayer.Samples.Android\Xam.Forms.VideoPlayer.Samples.Android.csproj", "{532232AA-7D07-4B9B-8B16-580034A09A46}"
EndProject
Project("{FAE04EC0-301F-11D3-BF4B-00C04F79EFBC}") = "Xam.Forms.VideoPlayer.Samples.iOS", "Xam.Forms.VideoPlayer.Samples.iOS\Xam.Forms.VideoPlayer.Samples.iOS.csproj", "{BC6F0BAB-01BA-4F8E-AB20-745C7E903638}"
EndProject
Project("{FAE04EC0-301F-11D3-BF4B-00C04F79EFBC}") = "Xam.Forms.VideoPlayer.Samples.UWP", "Xam.Forms.VideoPlayer.Samples.UWP\Xam.Forms.VideoPlayer.Samples.UWP.csproj", "{6F7C2A83-F1F7-4DB0-889B-92A2A71B5350}"
EndProject
Project("{9A19103F-16F7-4668-BE54-9A1E7A4F7556}") = "Xam.Forms.VideoPlayer.Samples", "Xam.Forms.VideoPlayer.Samples\Xam.Forms.VideoPlayer.Samples.csproj", "{53EB8612-36FD-42EF-9C0C-92B043250C93}"
EndProject
Project("{2150E333-8FDC-42A3-9474-1A3956D46DE8}") = "Xam.Forms.VideoPlayer", "Xam.Forms.VideoPlayer", "{E377B7A5-5350-4081-ACBB-9EC13F8BA5D0}"
EndProject
Project("{9A19103F-16F7-4668-BE54-9A1E7A4F7556}") = "Xam.Forms.VideoPlayer", "..\Xam.Forms.VideoPlayer\Xam.Forms.VideoPlayer.csproj", "{43FF8A50-4453-429A-A08C-52C9738C4EB6}"
EndProject
Project("{FAE04EC0-301F-11D3-BF4B-00C04F79EFBC}") = "Xam.Forms.VideoPlayer.Android", "..\Xam.Forms.VideoPlayer.Android\Xam.Forms.VideoPlayer.Android.csproj", "{20076AA6-47DB-4CF3-A732-2148B76E1025}"
EndProject
Project("{FAE04EC0-301F-11D3-BF4B-00C04F79EFBC}") = "Xam.Forms.VideoPlayer.iOS", "..\Xam.Forms.VideoPlayer.iOS\Xam.Forms.VideoPlayer.iOS.csproj", "{E71F3053-056C-4381-9638-048ED73BDFF6}"
EndProject
Project("{FAE04EC0-301F-11D3-BF4B-00C04F79EFBC}") = "Xam.Forms.VideoPlayer.UWP", "..\Xam.Forms.VideoPlayer.UWP\Xam.Forms.VideoPlayer.UWP.csproj", "{B8C0F852-1501-4146-B424-5766014EF4D9}"
EndProject
Global
	GlobalSection(SolutionConfigurationPlatforms) = preSolution
		Ad-Hoc|Any CPU = Ad-Hoc|Any CPU
		Ad-Hoc|ARM = Ad-Hoc|ARM
		Ad-Hoc|ARM64 = Ad-Hoc|ARM64
		Ad-Hoc|iPhone = Ad-Hoc|iPhone
		Ad-Hoc|iPhoneSimulator = Ad-Hoc|iPhoneSimulator
		Ad-Hoc|x64 = Ad-Hoc|x64
		Ad-Hoc|x86 = Ad-Hoc|x86
		AppStore|Any CPU = AppStore|Any CPU
		AppStore|ARM = AppStore|ARM
		AppStore|ARM64 = AppStore|ARM64
		AppStore|iPhone = AppStore|iPhone
		AppStore|iPhoneSimulator = AppStore|iPhoneSimulator
		AppStore|x64 = AppStore|x64
		AppStore|x86 = AppStore|x86
		Debug|Any CPU = Debug|Any CPU
		Debug|ARM = Debug|ARM
		Debug|ARM64 = Debug|ARM64
		Debug|iPhone = Debug|iPhone
		Debug|iPhoneSimulator = Debug|iPhoneSimulator
		Debug|x64 = Debug|x64
		Debug|x86 = Debug|x86
		Release|Any CPU = Release|Any CPU
		Release|ARM = Release|ARM
		Release|ARM64 = Release|ARM64
		Release|iPhone = Release|iPhone
		Release|iPhoneSimulator = Release|iPhoneSimulator
		Release|x64 = Release|x64
		Release|x86 = Release|x86
	EndGlobalSection
	GlobalSection(ProjectConfigurationPlatforms) = postSolution
		{532232AA-7D07-4B9B-8B16-580034A09A46}.Ad-Hoc|Any CPU.ActiveCfg = Release|Any CPU
		{532232AA-7D07-4B9B-8B16-580034A09A46}.Ad-Hoc|Any CPU.Build.0 = Release|Any CPU
		{532232AA-7D07-4B9B-8B16-580034A09A46}.Ad-Hoc|Any CPU.Deploy.0 = Release|Any CPU
		{532232AA-7D07-4B9B-8B16-580034A09A46}.Ad-Hoc|ARM.ActiveCfg = Release|Any CPU
		{532232AA-7D07-4B9B-8B16-580034A09A46}.Ad-Hoc|ARM.Build.0 = Release|Any CPU
		{532232AA-7D07-4B9B-8B16-580034A09A46}.Ad-Hoc|ARM.Deploy.0 = Release|Any CPU
		{532232AA-7D07-4B9B-8B16-580034A09A46}.Ad-Hoc|ARM64.ActiveCfg = Debug|Any CPU
		{532232AA-7D07-4B9B-8B16-580034A09A46}.Ad-Hoc|ARM64.Build.0 = Debug|Any CPU
		{532232AA-7D07-4B9B-8B16-580034A09A46}.Ad-Hoc|ARM64.Deploy.0 = Debug|Any CPU
		{532232AA-7D07-4B9B-8B16-580034A09A46}.Ad-Hoc|iPhone.ActiveCfg = Release|Any CPU
		{532232AA-7D07-4B9B-8B16-580034A09A46}.Ad-Hoc|iPhone.Build.0 = Release|Any CPU
		{532232AA-7D07-4B9B-8B16-580034A09A46}.Ad-Hoc|iPhone.Deploy.0 = Release|Any CPU
		{532232AA-7D07-4B9B-8B16-580034A09A46}.Ad-Hoc|iPhoneSimulator.ActiveCfg = Release|Any CPU
		{532232AA-7D07-4B9B-8B16-580034A09A46}.Ad-Hoc|iPhoneSimulator.Build.0 = Release|Any CPU
		{532232AA-7D07-4B9B-8B16-580034A09A46}.Ad-Hoc|iPhoneSimulator.Deploy.0 = Release|Any CPU
		{532232AA-7D07-4B9B-8B16-580034A09A46}.Ad-Hoc|x64.ActiveCfg = Release|Any CPU
		{532232AA-7D07-4B9B-8B16-580034A09A46}.Ad-Hoc|x64.Build.0 = Release|Any CPU
		{532232AA-7D07-4B9B-8B16-580034A09A46}.Ad-Hoc|x64.Deploy.0 = Release|Any CPU
		{532232AA-7D07-4B9B-8B16-580034A09A46}.Ad-Hoc|x86.ActiveCfg = Release|Any CPU
		{532232AA-7D07-4B9B-8B16-580034A09A46}.Ad-Hoc|x86.Build.0 = Release|Any CPU
		{532232AA-7D07-4B9B-8B16-580034A09A46}.Ad-Hoc|x86.Deploy.0 = Release|Any CPU
		{532232AA-7D07-4B9B-8B16-580034A09A46}.AppStore|Any CPU.ActiveCfg = Release|Any CPU
		{532232AA-7D07-4B9B-8B16-580034A09A46}.AppStore|Any CPU.Build.0 = Release|Any CPU
		{532232AA-7D07-4B9B-8B16-580034A09A46}.AppStore|Any CPU.Deploy.0 = Release|Any CPU
		{532232AA-7D07-4B9B-8B16-580034A09A46}.AppStore|ARM.ActiveCfg = Release|Any CPU
		{532232AA-7D07-4B9B-8B16-580034A09A46}.AppStore|ARM.Build.0 = Release|Any CPU
		{532232AA-7D07-4B9B-8B16-580034A09A46}.AppStore|ARM.Deploy.0 = Release|Any CPU
		{532232AA-7D07-4B9B-8B16-580034A09A46}.AppStore|ARM64.ActiveCfg = Debug|Any CPU
		{532232AA-7D07-4B9B-8B16-580034A09A46}.AppStore|ARM64.Build.0 = Debug|Any CPU
		{532232AA-7D07-4B9B-8B16-580034A09A46}.AppStore|ARM64.Deploy.0 = Debug|Any CPU
		{532232AA-7D07-4B9B-8B16-580034A09A46}.AppStore|iPhone.ActiveCfg = Release|Any CPU
		{532232AA-7D07-4B9B-8B16-580034A09A46}.AppStore|iPhone.Build.0 = Release|Any CPU
		{532232AA-7D07-4B9B-8B16-580034A09A46}.AppStore|iPhone.Deploy.0 = Release|Any CPU
		{532232AA-7D07-4B9B-8B16-580034A09A46}.AppStore|iPhoneSimulator.ActiveCfg = Release|Any CPU
		{532232AA-7D07-4B9B-8B16-580034A09A46}.AppStore|iPhoneSimulator.Build.0 = Release|Any CPU
		{532232AA-7D07-4B9B-8B16-580034A09A46}.AppStore|iPhoneSimulator.Deploy.0 = Release|Any CPU
		{532232AA-7D07-4B9B-8B16-580034A09A46}.AppStore|x64.ActiveCfg = Release|Any CPU
		{532232AA-7D07-4B9B-8B16-580034A09A46}.AppStore|x64.Build.0 = Release|Any CPU
		{532232AA-7D07-4B9B-8B16-580034A09A46}.AppStore|x64.Deploy.0 = Release|Any CPU
		{532232AA-7D07-4B9B-8B16-580034A09A46}.AppStore|x86.ActiveCfg = Release|Any CPU
		{532232AA-7D07-4B9B-8B16-580034A09A46}.AppStore|x86.Build.0 = Release|Any CPU
		{532232AA-7D07-4B9B-8B16-580034A09A46}.AppStore|x86.Deploy.0 = Release|Any CPU
		{532232AA-7D07-4B9B-8B16-580034A09A46}.Debug|Any CPU.ActiveCfg = Debug|Any CPU
		{532232AA-7D07-4B9B-8B16-580034A09A46}.Debug|Any CPU.Build.0 = Debug|Any CPU
		{532232AA-7D07-4B9B-8B16-580034A09A46}.Debug|Any CPU.Deploy.0 = Debug|Any CPU
		{532232AA-7D07-4B9B-8B16-580034A09A46}.Debug|ARM.ActiveCfg = Debug|Any CPU
		{532232AA-7D07-4B9B-8B16-580034A09A46}.Debug|ARM.Build.0 = Debug|Any CPU
		{532232AA-7D07-4B9B-8B16-580034A09A46}.Debug|ARM.Deploy.0 = Debug|Any CPU
		{532232AA-7D07-4B9B-8B16-580034A09A46}.Debug|ARM64.ActiveCfg = Debug|Any CPU
		{532232AA-7D07-4B9B-8B16-580034A09A46}.Debug|ARM64.Build.0 = Debug|Any CPU
		{532232AA-7D07-4B9B-8B16-580034A09A46}.Debug|ARM64.Deploy.0 = Debug|Any CPU
		{532232AA-7D07-4B9B-8B16-580034A09A46}.Debug|iPhone.ActiveCfg = Debug|Any CPU
		{532232AA-7D07-4B9B-8B16-580034A09A46}.Debug|iPhone.Build.0 = Debug|Any CPU
		{532232AA-7D07-4B9B-8B16-580034A09A46}.Debug|iPhone.Deploy.0 = Debug|Any CPU
		{532232AA-7D07-4B9B-8B16-580034A09A46}.Debug|iPhoneSimulator.ActiveCfg = Debug|Any CPU
		{532232AA-7D07-4B9B-8B16-580034A09A46}.Debug|iPhoneSimulator.Build.0 = Debug|Any CPU
		{532232AA-7D07-4B9B-8B16-580034A09A46}.Debug|iPhoneSimulator.Deploy.0 = Debug|Any CPU
		{532232AA-7D07-4B9B-8B16-580034A09A46}.Debug|x64.ActiveCfg = Debug|Any CPU
		{532232AA-7D07-4B9B-8B16-580034A09A46}.Debug|x64.Build.0 = Debug|Any CPU
		{532232AA-7D07-4B9B-8B16-580034A09A46}.Debug|x64.Deploy.0 = Debug|Any CPU
		{532232AA-7D07-4B9B-8B16-580034A09A46}.Debug|x86.ActiveCfg = Debug|Any CPU
		{532232AA-7D07-4B9B-8B16-580034A09A46}.Debug|x86.Build.0 = Debug|Any CPU
		{532232AA-7D07-4B9B-8B16-580034A09A46}.Debug|x86.Deploy.0 = Debug|Any CPU
		{532232AA-7D07-4B9B-8B16-580034A09A46}.Release|Any CPU.ActiveCfg = Release|Any CPU
		{532232AA-7D07-4B9B-8B16-580034A09A46}.Release|Any CPU.Build.0 = Release|Any CPU
		{532232AA-7D07-4B9B-8B16-580034A09A46}.Release|Any CPU.Deploy.0 = Release|Any CPU
		{532232AA-7D07-4B9B-8B16-580034A09A46}.Release|ARM.ActiveCfg = Release|Any CPU
		{532232AA-7D07-4B9B-8B16-580034A09A46}.Release|ARM.Build.0 = Release|Any CPU
		{532232AA-7D07-4B9B-8B16-580034A09A46}.Release|ARM.Deploy.0 = Release|Any CPU
		{532232AA-7D07-4B9B-8B16-580034A09A46}.Release|ARM64.ActiveCfg = Release|Any CPU
		{532232AA-7D07-4B9B-8B16-580034A09A46}.Release|ARM64.Build.0 = Release|Any CPU
		{532232AA-7D07-4B9B-8B16-580034A09A46}.Release|ARM64.Deploy.0 = Release|Any CPU
		{532232AA-7D07-4B9B-8B16-580034A09A46}.Release|iPhone.ActiveCfg = Release|Any CPU
		{532232AA-7D07-4B9B-8B16-580034A09A46}.Release|iPhone.Build.0 = Release|Any CPU
		{532232AA-7D07-4B9B-8B16-580034A09A46}.Release|iPhone.Deploy.0 = Release|Any CPU
		{532232AA-7D07-4B9B-8B16-580034A09A46}.Release|iPhoneSimulator.ActiveCfg = Release|Any CPU
		{532232AA-7D07-4B9B-8B16-580034A09A46}.Release|iPhoneSimulator.Build.0 = Release|Any CPU
		{532232AA-7D07-4B9B-8B16-580034A09A46}.Release|iPhoneSimulator.Deploy.0 = Release|Any CPU
		{532232AA-7D07-4B9B-8B16-580034A09A46}.Release|x64.ActiveCfg = Release|Any CPU
		{532232AA-7D07-4B9B-8B16-580034A09A46}.Release|x64.Build.0 = Release|Any CPU
		{532232AA-7D07-4B9B-8B16-580034A09A46}.Release|x64.Deploy.0 = Release|Any CPU
		{532232AA-7D07-4B9B-8B16-580034A09A46}.Release|x86.ActiveCfg = Release|Any CPU
		{532232AA-7D07-4B9B-8B16-580034A09A46}.Release|x86.Build.0 = Release|Any CPU
		{532232AA-7D07-4B9B-8B16-580034A09A46}.Release|x86.Deploy.0 = Release|Any CPU
		{BC6F0BAB-01BA-4F8E-AB20-745C7E903638}.Ad-Hoc|Any CPU.ActiveCfg = Ad-Hoc|iPhone
		{BC6F0BAB-01BA-4F8E-AB20-745C7E903638}.Ad-Hoc|Any CPU.Build.0 = Ad-Hoc|iPhone
		{BC6F0BAB-01BA-4F8E-AB20-745C7E903638}.Ad-Hoc|Any CPU.Deploy.0 = Ad-Hoc|iPhone
		{BC6F0BAB-01BA-4F8E-AB20-745C7E903638}.Ad-Hoc|ARM.ActiveCfg = Ad-Hoc|iPhone
		{BC6F0BAB-01BA-4F8E-AB20-745C7E903638}.Ad-Hoc|ARM.Build.0 = Ad-Hoc|iPhone
		{BC6F0BAB-01BA-4F8E-AB20-745C7E903638}.Ad-Hoc|ARM.Deploy.0 = Ad-Hoc|iPhone
		{BC6F0BAB-01BA-4F8E-AB20-745C7E903638}.Ad-Hoc|ARM64.ActiveCfg = Ad-Hoc|iPhoneSimulator
		{BC6F0BAB-01BA-4F8E-AB20-745C7E903638}.Ad-Hoc|iPhone.ActiveCfg = Ad-Hoc|iPhone
		{BC6F0BAB-01BA-4F8E-AB20-745C7E903638}.Ad-Hoc|iPhone.Build.0 = Ad-Hoc|iPhone
		{BC6F0BAB-01BA-4F8E-AB20-745C7E903638}.Ad-Hoc|iPhone.Deploy.0 = Ad-Hoc|iPhone
		{BC6F0BAB-01BA-4F8E-AB20-745C7E903638}.Ad-Hoc|iPhoneSimulator.ActiveCfg = Ad-Hoc|iPhoneSimulator
		{BC6F0BAB-01BA-4F8E-AB20-745C7E903638}.Ad-Hoc|iPhoneSimulator.Build.0 = Ad-Hoc|iPhoneSimulator
		{BC6F0BAB-01BA-4F8E-AB20-745C7E903638}.Ad-Hoc|iPhoneSimulator.Deploy.0 = Ad-Hoc|iPhoneSimulator
		{BC6F0BAB-01BA-4F8E-AB20-745C7E903638}.Ad-Hoc|x64.ActiveCfg = Ad-Hoc|iPhone
		{BC6F0BAB-01BA-4F8E-AB20-745C7E903638}.Ad-Hoc|x64.Build.0 = Ad-Hoc|iPhone
		{BC6F0BAB-01BA-4F8E-AB20-745C7E903638}.Ad-Hoc|x64.Deploy.0 = Ad-Hoc|iPhone
		{BC6F0BAB-01BA-4F8E-AB20-745C7E903638}.Ad-Hoc|x86.ActiveCfg = Ad-Hoc|iPhone
		{BC6F0BAB-01BA-4F8E-AB20-745C7E903638}.Ad-Hoc|x86.Build.0 = Ad-Hoc|iPhone
		{BC6F0BAB-01BA-4F8E-AB20-745C7E903638}.Ad-Hoc|x86.Deploy.0 = Ad-Hoc|iPhone
		{BC6F0BAB-01BA-4F8E-AB20-745C7E903638}.AppStore|Any CPU.ActiveCfg = AppStore|iPhone
		{BC6F0BAB-01BA-4F8E-AB20-745C7E903638}.AppStore|Any CPU.Build.0 = AppStore|iPhone
		{BC6F0BAB-01BA-4F8E-AB20-745C7E903638}.AppStore|Any CPU.Deploy.0 = AppStore|iPhone
		{BC6F0BAB-01BA-4F8E-AB20-745C7E903638}.AppStore|ARM.ActiveCfg = AppStore|iPhone
		{BC6F0BAB-01BA-4F8E-AB20-745C7E903638}.AppStore|ARM.Build.0 = AppStore|iPhone
		{BC6F0BAB-01BA-4F8E-AB20-745C7E903638}.AppStore|ARM.Deploy.0 = AppStore|iPhone
		{BC6F0BAB-01BA-4F8E-AB20-745C7E903638}.AppStore|ARM64.ActiveCfg = AppStore|iPhoneSimulator
		{BC6F0BAB-01BA-4F8E-AB20-745C7E903638}.AppStore|iPhone.ActiveCfg = AppStore|iPhone
		{BC6F0BAB-01BA-4F8E-AB20-745C7E903638}.AppStore|iPhone.Build.0 = AppStore|iPhone
		{BC6F0BAB-01BA-4F8E-AB20-745C7E903638}.AppStore|iPhone.Deploy.0 = AppStore|iPhone
		{BC6F0BAB-01BA-4F8E-AB20-745C7E903638}.AppStore|iPhoneSimulator.ActiveCfg = AppStore|iPhoneSimulator
		{BC6F0BAB-01BA-4F8E-AB20-745C7E903638}.AppStore|iPhoneSimulator.Build.0 = AppStore|iPhoneSimulator
		{BC6F0BAB-01BA-4F8E-AB20-745C7E903638}.AppStore|iPhoneSimulator.Deploy.0 = AppStore|iPhoneSimulator
		{BC6F0BAB-01BA-4F8E-AB20-745C7E903638}.AppStore|x64.ActiveCfg = AppStore|iPhone
		{BC6F0BAB-01BA-4F8E-AB20-745C7E903638}.AppStore|x64.Build.0 = AppStore|iPhone
		{BC6F0BAB-01BA-4F8E-AB20-745C7E903638}.AppStore|x64.Deploy.0 = AppStore|iPhone
		{BC6F0BAB-01BA-4F8E-AB20-745C7E903638}.AppStore|x86.ActiveCfg = AppStore|iPhone
		{BC6F0BAB-01BA-4F8E-AB20-745C7E903638}.AppStore|x86.Build.0 = AppStore|iPhone
		{BC6F0BAB-01BA-4F8E-AB20-745C7E903638}.AppStore|x86.Deploy.0 = AppStore|iPhone
		{BC6F0BAB-01BA-4F8E-AB20-745C7E903638}.Debug|Any CPU.ActiveCfg = Debug|iPhone
		{BC6F0BAB-01BA-4F8E-AB20-745C7E903638}.Debug|Any CPU.Build.0 = Debug|iPhone
		{BC6F0BAB-01BA-4F8E-AB20-745C7E903638}.Debug|Any CPU.Deploy.0 = Debug|iPhone
		{BC6F0BAB-01BA-4F8E-AB20-745C7E903638}.Debug|ARM.ActiveCfg = Debug|iPhone
		{BC6F0BAB-01BA-4F8E-AB20-745C7E903638}.Debug|ARM.Build.0 = Debug|iPhone
		{BC6F0BAB-01BA-4F8E-AB20-745C7E903638}.Debug|ARM.Deploy.0 = Debug|iPhone
		{BC6F0BAB-01BA-4F8E-AB20-745C7E903638}.Debug|ARM64.ActiveCfg = Debug|iPhoneSimulator
		{BC6F0BAB-01BA-4F8E-AB20-745C7E903638}.Debug|iPhone.ActiveCfg = Debug|iPhone
		{BC6F0BAB-01BA-4F8E-AB20-745C7E903638}.Debug|iPhone.Build.0 = Debug|iPhone
		{BC6F0BAB-01BA-4F8E-AB20-745C7E903638}.Debug|iPhone.Deploy.0 = Debug|iPhone
		{BC6F0BAB-01BA-4F8E-AB20-745C7E903638}.Debug|iPhoneSimulator.ActiveCfg = Debug|iPhoneSimulator
		{BC6F0BAB-01BA-4F8E-AB20-745C7E903638}.Debug|iPhoneSimulator.Build.0 = Debug|iPhoneSimulator
		{BC6F0BAB-01BA-4F8E-AB20-745C7E903638}.Debug|iPhoneSimulator.Deploy.0 = Debug|iPhoneSimulator
		{BC6F0BAB-01BA-4F8E-AB20-745C7E903638}.Debug|x64.ActiveCfg = Debug|iPhone
		{BC6F0BAB-01BA-4F8E-AB20-745C7E903638}.Debug|x64.Build.0 = Debug|iPhone
		{BC6F0BAB-01BA-4F8E-AB20-745C7E903638}.Debug|x64.Deploy.0 = Debug|iPhone
		{BC6F0BAB-01BA-4F8E-AB20-745C7E903638}.Debug|x86.ActiveCfg = Debug|iPhoneSimulator
		{BC6F0BAB-01BA-4F8E-AB20-745C7E903638}.Debug|x86.Build.0 = Debug|iPhoneSimulator
		{BC6F0BAB-01BA-4F8E-AB20-745C7E903638}.Debug|x86.Deploy.0 = Debug|iPhoneSimulator
		{BC6F0BAB-01BA-4F8E-AB20-745C7E903638}.Release|Any CPU.ActiveCfg = Release|iPhone
		{BC6F0BAB-01BA-4F8E-AB20-745C7E903638}.Release|Any CPU.Build.0 = Release|iPhone
		{BC6F0BAB-01BA-4F8E-AB20-745C7E903638}.Release|Any CPU.Deploy.0 = Release|iPhone
		{BC6F0BAB-01BA-4F8E-AB20-745C7E903638}.Release|ARM.ActiveCfg = Release|iPhone
		{BC6F0BAB-01BA-4F8E-AB20-745C7E903638}.Release|ARM.Build.0 = Release|iPhone
		{BC6F0BAB-01BA-4F8E-AB20-745C7E903638}.Release|ARM.Deploy.0 = Release|iPhone
		{BC6F0BAB-01BA-4F8E-AB20-745C7E903638}.Release|ARM64.ActiveCfg = Release|iPhoneSimulator
		{BC6F0BAB-01BA-4F8E-AB20-745C7E903638}.Release|iPhone.ActiveCfg = Release|iPhone
		{BC6F0BAB-01BA-4F8E-AB20-745C7E903638}.Release|iPhone.Build.0 = Release|iPhone
		{BC6F0BAB-01BA-4F8E-AB20-745C7E903638}.Release|iPhone.Deploy.0 = Release|iPhone
		{BC6F0BAB-01BA-4F8E-AB20-745C7E903638}.Release|iPhoneSimulator.ActiveCfg = Release|iPhoneSimulator
		{BC6F0BAB-01BA-4F8E-AB20-745C7E903638}.Release|iPhoneSimulator.Build.0 = Release|iPhoneSimulator
		{BC6F0BAB-01BA-4F8E-AB20-745C7E903638}.Release|iPhoneSimulator.Deploy.0 = Release|iPhoneSimulator
		{BC6F0BAB-01BA-4F8E-AB20-745C7E903638}.Release|x64.ActiveCfg = Release|iPhone
		{BC6F0BAB-01BA-4F8E-AB20-745C7E903638}.Release|x64.Build.0 = Release|iPhone
		{BC6F0BAB-01BA-4F8E-AB20-745C7E903638}.Release|x64.Deploy.0 = Release|iPhone
		{BC6F0BAB-01BA-4F8E-AB20-745C7E903638}.Release|x86.ActiveCfg = Release|iPhone
		{BC6F0BAB-01BA-4F8E-AB20-745C7E903638}.Release|x86.Build.0 = Release|iPhone
		{BC6F0BAB-01BA-4F8E-AB20-745C7E903638}.Release|x86.Deploy.0 = Release|iPhone
		{6F7C2A83-F1F7-4DB0-889B-92A2A71B5350}.Ad-Hoc|Any CPU.ActiveCfg = Release|x86
		{6F7C2A83-F1F7-4DB0-889B-92A2A71B5350}.Ad-Hoc|Any CPU.Build.0 = Release|x86
		{6F7C2A83-F1F7-4DB0-889B-92A2A71B5350}.Ad-Hoc|Any CPU.Deploy.0 = Release|x86
		{6F7C2A83-F1F7-4DB0-889B-92A2A71B5350}.Ad-Hoc|ARM.ActiveCfg = Release|ARM
		{6F7C2A83-F1F7-4DB0-889B-92A2A71B5350}.Ad-Hoc|ARM.Build.0 = Release|ARM
		{6F7C2A83-F1F7-4DB0-889B-92A2A71B5350}.Ad-Hoc|ARM.Deploy.0 = Release|ARM
		{6F7C2A83-F1F7-4DB0-889B-92A2A71B5350}.Ad-Hoc|ARM64.ActiveCfg = Debug|x64
		{6F7C2A83-F1F7-4DB0-889B-92A2A71B5350}.Ad-Hoc|ARM64.Build.0 = Debug|x64
		{6F7C2A83-F1F7-4DB0-889B-92A2A71B5350}.Ad-Hoc|ARM64.Deploy.0 = Debug|x64
		{6F7C2A83-F1F7-4DB0-889B-92A2A71B5350}.Ad-Hoc|iPhone.ActiveCfg = Release|x86
		{6F7C2A83-F1F7-4DB0-889B-92A2A71B5350}.Ad-Hoc|iPhone.Build.0 = Release|x86
		{6F7C2A83-F1F7-4DB0-889B-92A2A71B5350}.Ad-Hoc|iPhone.Deploy.0 = Release|x86
		{6F7C2A83-F1F7-4DB0-889B-92A2A71B5350}.Ad-Hoc|iPhoneSimulator.ActiveCfg = Release|x86
		{6F7C2A83-F1F7-4DB0-889B-92A2A71B5350}.Ad-Hoc|iPhoneSimulator.Build.0 = Release|x86
		{6F7C2A83-F1F7-4DB0-889B-92A2A71B5350}.Ad-Hoc|iPhoneSimulator.Deploy.0 = Release|x86
		{6F7C2A83-F1F7-4DB0-889B-92A2A71B5350}.Ad-Hoc|x64.ActiveCfg = Release|x64
		{6F7C2A83-F1F7-4DB0-889B-92A2A71B5350}.Ad-Hoc|x64.Build.0 = Release|x64
		{6F7C2A83-F1F7-4DB0-889B-92A2A71B5350}.Ad-Hoc|x64.Deploy.0 = Release|x64
		{6F7C2A83-F1F7-4DB0-889B-92A2A71B5350}.Ad-Hoc|x86.ActiveCfg = Release|x86
		{6F7C2A83-F1F7-4DB0-889B-92A2A71B5350}.Ad-Hoc|x86.Build.0 = Release|x86
		{6F7C2A83-F1F7-4DB0-889B-92A2A71B5350}.Ad-Hoc|x86.Deploy.0 = Release|x86
		{6F7C2A83-F1F7-4DB0-889B-92A2A71B5350}.AppStore|Any CPU.ActiveCfg = Release|x86
		{6F7C2A83-F1F7-4DB0-889B-92A2A71B5350}.AppStore|Any CPU.Build.0 = Release|x86
		{6F7C2A83-F1F7-4DB0-889B-92A2A71B5350}.AppStore|Any CPU.Deploy.0 = Release|x86
		{6F7C2A83-F1F7-4DB0-889B-92A2A71B5350}.AppStore|ARM.ActiveCfg = Release|ARM
		{6F7C2A83-F1F7-4DB0-889B-92A2A71B5350}.AppStore|ARM.Build.0 = Release|ARM
		{6F7C2A83-F1F7-4DB0-889B-92A2A71B5350}.AppStore|ARM.Deploy.0 = Release|ARM
		{6F7C2A83-F1F7-4DB0-889B-92A2A71B5350}.AppStore|ARM64.ActiveCfg = Debug|x64
		{6F7C2A83-F1F7-4DB0-889B-92A2A71B5350}.AppStore|ARM64.Build.0 = Debug|x64
		{6F7C2A83-F1F7-4DB0-889B-92A2A71B5350}.AppStore|ARM64.Deploy.0 = Debug|x64
		{6F7C2A83-F1F7-4DB0-889B-92A2A71B5350}.AppStore|iPhone.ActiveCfg = Release|x86
		{6F7C2A83-F1F7-4DB0-889B-92A2A71B5350}.AppStore|iPhone.Build.0 = Release|x86
		{6F7C2A83-F1F7-4DB0-889B-92A2A71B5350}.AppStore|iPhone.Deploy.0 = Release|x86
		{6F7C2A83-F1F7-4DB0-889B-92A2A71B5350}.AppStore|iPhoneSimulator.ActiveCfg = Release|x86
		{6F7C2A83-F1F7-4DB0-889B-92A2A71B5350}.AppStore|iPhoneSimulator.Build.0 = Release|x86
		{6F7C2A83-F1F7-4DB0-889B-92A2A71B5350}.AppStore|iPhoneSimulator.Deploy.0 = Release|x86
		{6F7C2A83-F1F7-4DB0-889B-92A2A71B5350}.AppStore|x64.ActiveCfg = Release|x64
		{6F7C2A83-F1F7-4DB0-889B-92A2A71B5350}.AppStore|x64.Build.0 = Release|x64
		{6F7C2A83-F1F7-4DB0-889B-92A2A71B5350}.AppStore|x64.Deploy.0 = Release|x64
		{6F7C2A83-F1F7-4DB0-889B-92A2A71B5350}.AppStore|x86.ActiveCfg = Release|x86
		{6F7C2A83-F1F7-4DB0-889B-92A2A71B5350}.AppStore|x86.Build.0 = Release|x86
		{6F7C2A83-F1F7-4DB0-889B-92A2A71B5350}.AppStore|x86.Deploy.0 = Release|x86
		{6F7C2A83-F1F7-4DB0-889B-92A2A71B5350}.Debug|Any CPU.ActiveCfg = Debug|x86
		{6F7C2A83-F1F7-4DB0-889B-92A2A71B5350}.Debug|Any CPU.Build.0 = Debug|x86
		{6F7C2A83-F1F7-4DB0-889B-92A2A71B5350}.Debug|Any CPU.Deploy.0 = Debug|x86
		{6F7C2A83-F1F7-4DB0-889B-92A2A71B5350}.Debug|ARM.ActiveCfg = Debug|ARM
		{6F7C2A83-F1F7-4DB0-889B-92A2A71B5350}.Debug|ARM.Build.0 = Debug|ARM
		{6F7C2A83-F1F7-4DB0-889B-92A2A71B5350}.Debug|ARM.Deploy.0 = Debug|ARM
		{6F7C2A83-F1F7-4DB0-889B-92A2A71B5350}.Debug|ARM64.ActiveCfg = Debug|x86
		{6F7C2A83-F1F7-4DB0-889B-92A2A71B5350}.Debug|iPhone.ActiveCfg = Debug|x86
		{6F7C2A83-F1F7-4DB0-889B-92A2A71B5350}.Debug|iPhone.Build.0 = Debug|x86
		{6F7C2A83-F1F7-4DB0-889B-92A2A71B5350}.Debug|iPhone.Deploy.0 = Debug|x86
		{6F7C2A83-F1F7-4DB0-889B-92A2A71B5350}.Debug|iPhoneSimulator.ActiveCfg = Debug|x86
		{6F7C2A83-F1F7-4DB0-889B-92A2A71B5350}.Debug|iPhoneSimulator.Build.0 = Debug|x86
		{6F7C2A83-F1F7-4DB0-889B-92A2A71B5350}.Debug|iPhoneSimulator.Deploy.0 = Debug|x86
		{6F7C2A83-F1F7-4DB0-889B-92A2A71B5350}.Debug|x64.ActiveCfg = Debug|x64
		{6F7C2A83-F1F7-4DB0-889B-92A2A71B5350}.Debug|x64.Build.0 = Debug|x64
		{6F7C2A83-F1F7-4DB0-889B-92A2A71B5350}.Debug|x64.Deploy.0 = Debug|x64
		{6F7C2A83-F1F7-4DB0-889B-92A2A71B5350}.Debug|x86.ActiveCfg = Debug|x86
		{6F7C2A83-F1F7-4DB0-889B-92A2A71B5350}.Debug|x86.Build.0 = Debug|x86
		{6F7C2A83-F1F7-4DB0-889B-92A2A71B5350}.Debug|x86.Deploy.0 = Debug|x86
		{6F7C2A83-F1F7-4DB0-889B-92A2A71B5350}.Release|Any CPU.ActiveCfg = Release|x86
		{6F7C2A83-F1F7-4DB0-889B-92A2A71B5350}.Release|Any CPU.Build.0 = Release|x86
		{6F7C2A83-F1F7-4DB0-889B-92A2A71B5350}.Release|Any CPU.Deploy.0 = Release|x86
		{6F7C2A83-F1F7-4DB0-889B-92A2A71B5350}.Release|ARM.ActiveCfg = Release|ARM
		{6F7C2A83-F1F7-4DB0-889B-92A2A71B5350}.Release|ARM.Build.0 = Release|ARM
		{6F7C2A83-F1F7-4DB0-889B-92A2A71B5350}.Release|ARM.Deploy.0 = Release|ARM
		{6F7C2A83-F1F7-4DB0-889B-92A2A71B5350}.Release|ARM64.ActiveCfg = Release|x86
		{6F7C2A83-F1F7-4DB0-889B-92A2A71B5350}.Release|iPhone.ActiveCfg = Release|x86
		{6F7C2A83-F1F7-4DB0-889B-92A2A71B5350}.Release|iPhone.Build.0 = Release|x86
		{6F7C2A83-F1F7-4DB0-889B-92A2A71B5350}.Release|iPhone.Deploy.0 = Release|x86
		{6F7C2A83-F1F7-4DB0-889B-92A2A71B5350}.Release|iPhoneSimulator.ActiveCfg = Release|x86
		{6F7C2A83-F1F7-4DB0-889B-92A2A71B5350}.Release|iPhoneSimulator.Build.0 = Release|x86
		{6F7C2A83-F1F7-4DB0-889B-92A2A71B5350}.Release|iPhoneSimulator.Deploy.0 = Release|x86
		{6F7C2A83-F1F7-4DB0-889B-92A2A71B5350}.Release|x64.ActiveCfg = Release|x64
		{6F7C2A83-F1F7-4DB0-889B-92A2A71B5350}.Release|x64.Build.0 = Release|x64
		{6F7C2A83-F1F7-4DB0-889B-92A2A71B5350}.Release|x64.Deploy.0 = Release|x64
		{6F7C2A83-F1F7-4DB0-889B-92A2A71B5350}.Release|x86.ActiveCfg = Release|x86
		{6F7C2A83-F1F7-4DB0-889B-92A2A71B5350}.Release|x86.Build.0 = Release|x86
		{6F7C2A83-F1F7-4DB0-889B-92A2A71B5350}.Release|x86.Deploy.0 = Release|x86
		{53EB8612-36FD-42EF-9C0C-92B043250C93}.Ad-Hoc|Any CPU.ActiveCfg = Debug|Any CPU
		{53EB8612-36FD-42EF-9C0C-92B043250C93}.Ad-Hoc|Any CPU.Build.0 = Debug|Any CPU
		{53EB8612-36FD-42EF-9C0C-92B043250C93}.Ad-Hoc|Any CPU.Deploy.0 = Debug|Any CPU
		{53EB8612-36FD-42EF-9C0C-92B043250C93}.Ad-Hoc|ARM.ActiveCfg = Debug|Any CPU
		{53EB8612-36FD-42EF-9C0C-92B043250C93}.Ad-Hoc|ARM.Build.0 = Debug|Any CPU
		{53EB8612-36FD-42EF-9C0C-92B043250C93}.Ad-Hoc|ARM.Deploy.0 = Debug|Any CPU
		{53EB8612-36FD-42EF-9C0C-92B043250C93}.Ad-Hoc|ARM64.ActiveCfg = Release|Any CPU
		{53EB8612-36FD-42EF-9C0C-92B043250C93}.Ad-Hoc|ARM64.Build.0 = Release|Any CPU
		{53EB8612-36FD-42EF-9C0C-92B043250C93}.Ad-Hoc|iPhone.ActiveCfg = Debug|Any CPU
		{53EB8612-36FD-42EF-9C0C-92B043250C93}.Ad-Hoc|iPhone.Build.0 = Debug|Any CPU
		{53EB8612-36FD-42EF-9C0C-92B043250C93}.Ad-Hoc|iPhone.Deploy.0 = Debug|Any CPU
		{53EB8612-36FD-42EF-9C0C-92B043250C93}.Ad-Hoc|iPhoneSimulator.ActiveCfg = Debug|Any CPU
		{53EB8612-36FD-42EF-9C0C-92B043250C93}.Ad-Hoc|iPhoneSimulator.Build.0 = Debug|Any CPU
		{53EB8612-36FD-42EF-9C0C-92B043250C93}.Ad-Hoc|iPhoneSimulator.Deploy.0 = Debug|Any CPU
		{53EB8612-36FD-42EF-9C0C-92B043250C93}.Ad-Hoc|x64.ActiveCfg = Debug|Any CPU
		{53EB8612-36FD-42EF-9C0C-92B043250C93}.Ad-Hoc|x64.Build.0 = Debug|Any CPU
		{53EB8612-36FD-42EF-9C0C-92B043250C93}.Ad-Hoc|x64.Deploy.0 = Debug|Any CPU
		{53EB8612-36FD-42EF-9C0C-92B043250C93}.Ad-Hoc|x86.ActiveCfg = Debug|Any CPU
		{53EB8612-36FD-42EF-9C0C-92B043250C93}.Ad-Hoc|x86.Build.0 = Debug|Any CPU
		{53EB8612-36FD-42EF-9C0C-92B043250C93}.Ad-Hoc|x86.Deploy.0 = Debug|Any CPU
		{53EB8612-36FD-42EF-9C0C-92B043250C93}.AppStore|Any CPU.ActiveCfg = Debug|Any CPU
		{53EB8612-36FD-42EF-9C0C-92B043250C93}.AppStore|Any CPU.Build.0 = Debug|Any CPU
		{53EB8612-36FD-42EF-9C0C-92B043250C93}.AppStore|Any CPU.Deploy.0 = Debug|Any CPU
		{53EB8612-36FD-42EF-9C0C-92B043250C93}.AppStore|ARM.ActiveCfg = Debug|Any CPU
		{53EB8612-36FD-42EF-9C0C-92B043250C93}.AppStore|ARM.Build.0 = Debug|Any CPU
		{53EB8612-36FD-42EF-9C0C-92B043250C93}.AppStore|ARM.Deploy.0 = Debug|Any CPU
		{53EB8612-36FD-42EF-9C0C-92B043250C93}.AppStore|ARM64.ActiveCfg = Release|Any CPU
		{53EB8612-36FD-42EF-9C0C-92B043250C93}.AppStore|ARM64.Build.0 = Release|Any CPU
		{53EB8612-36FD-42EF-9C0C-92B043250C93}.AppStore|iPhone.ActiveCfg = Debug|Any CPU
		{53EB8612-36FD-42EF-9C0C-92B043250C93}.AppStore|iPhone.Build.0 = Debug|Any CPU
		{53EB8612-36FD-42EF-9C0C-92B043250C93}.AppStore|iPhone.Deploy.0 = Debug|Any CPU
		{53EB8612-36FD-42EF-9C0C-92B043250C93}.AppStore|iPhoneSimulator.ActiveCfg = Debug|Any CPU
		{53EB8612-36FD-42EF-9C0C-92B043250C93}.AppStore|iPhoneSimulator.Build.0 = Debug|Any CPU
		{53EB8612-36FD-42EF-9C0C-92B043250C93}.AppStore|iPhoneSimulator.Deploy.0 = Debug|Any CPU
		{53EB8612-36FD-42EF-9C0C-92B043250C93}.AppStore|x64.ActiveCfg = Debug|Any CPU
		{53EB8612-36FD-42EF-9C0C-92B043250C93}.AppStore|x64.Build.0 = Debug|Any CPU
		{53EB8612-36FD-42EF-9C0C-92B043250C93}.AppStore|x64.Deploy.0 = Debug|Any CPU
		{53EB8612-36FD-42EF-9C0C-92B043250C93}.AppStore|x86.ActiveCfg = Debug|Any CPU
		{53EB8612-36FD-42EF-9C0C-92B043250C93}.AppStore|x86.Build.0 = Debug|Any CPU
		{53EB8612-36FD-42EF-9C0C-92B043250C93}.AppStore|x86.Deploy.0 = Debug|Any CPU
		{53EB8612-36FD-42EF-9C0C-92B043250C93}.Debug|Any CPU.ActiveCfg = Debug|Any CPU
		{53EB8612-36FD-42EF-9C0C-92B043250C93}.Debug|Any CPU.Build.0 = Debug|Any CPU
		{53EB8612-36FD-42EF-9C0C-92B043250C93}.Debug|Any CPU.Deploy.0 = Debug|Any CPU
		{53EB8612-36FD-42EF-9C0C-92B043250C93}.Debug|ARM.ActiveCfg = Debug|Any CPU
		{53EB8612-36FD-42EF-9C0C-92B043250C93}.Debug|ARM.Build.0 = Debug|Any CPU
		{53EB8612-36FD-42EF-9C0C-92B043250C93}.Debug|ARM.Deploy.0 = Debug|Any CPU
		{53EB8612-36FD-42EF-9C0C-92B043250C93}.Debug|ARM64.ActiveCfg = Debug|Any CPU
		{53EB8612-36FD-42EF-9C0C-92B043250C93}.Debug|ARM64.Build.0 = Debug|Any CPU
		{53EB8612-36FD-42EF-9C0C-92B043250C93}.Debug|iPhone.ActiveCfg = Debug|Any CPU
		{53EB8612-36FD-42EF-9C0C-92B043250C93}.Debug|iPhone.Build.0 = Debug|Any CPU
		{53EB8612-36FD-42EF-9C0C-92B043250C93}.Debug|iPhone.Deploy.0 = Debug|Any CPU
		{53EB8612-36FD-42EF-9C0C-92B043250C93}.Debug|iPhoneSimulator.ActiveCfg = Debug|Any CPU
		{53EB8612-36FD-42EF-9C0C-92B043250C93}.Debug|iPhoneSimulator.Build.0 = Debug|Any CPU
		{53EB8612-36FD-42EF-9C0C-92B043250C93}.Debug|iPhoneSimulator.Deploy.0 = Debug|Any CPU
		{53EB8612-36FD-42EF-9C0C-92B043250C93}.Debug|x64.ActiveCfg = Debug|Any CPU
		{53EB8612-36FD-42EF-9C0C-92B043250C93}.Debug|x64.Build.0 = Debug|Any CPU
		{53EB8612-36FD-42EF-9C0C-92B043250C93}.Debug|x64.Deploy.0 = Debug|Any CPU
		{53EB8612-36FD-42EF-9C0C-92B043250C93}.Debug|x86.ActiveCfg = Debug|Any CPU
		{53EB8612-36FD-42EF-9C0C-92B043250C93}.Debug|x86.Build.0 = Debug|Any CPU
		{53EB8612-36FD-42EF-9C0C-92B043250C93}.Debug|x86.Deploy.0 = Debug|Any CPU
		{53EB8612-36FD-42EF-9C0C-92B043250C93}.Release|Any CPU.ActiveCfg = Release|Any CPU
		{53EB8612-36FD-42EF-9C0C-92B043250C93}.Release|Any CPU.Build.0 = Release|Any CPU
		{53EB8612-36FD-42EF-9C0C-92B043250C93}.Release|Any CPU.Deploy.0 = Release|Any CPU
		{53EB8612-36FD-42EF-9C0C-92B043250C93}.Release|ARM.ActiveCfg = Release|Any CPU
		{53EB8612-36FD-42EF-9C0C-92B043250C93}.Release|ARM.Build.0 = Release|Any CPU
		{53EB8612-36FD-42EF-9C0C-92B043250C93}.Release|ARM.Deploy.0 = Release|Any CPU
		{53EB8612-36FD-42EF-9C0C-92B043250C93}.Release|ARM64.ActiveCfg = Release|Any CPU
		{53EB8612-36FD-42EF-9C0C-92B043250C93}.Release|ARM64.Build.0 = Release|Any CPU
		{53EB8612-36FD-42EF-9C0C-92B043250C93}.Release|iPhone.ActiveCfg = Release|Any CPU
		{53EB8612-36FD-42EF-9C0C-92B043250C93}.Release|iPhone.Build.0 = Release|Any CPU
		{53EB8612-36FD-42EF-9C0C-92B043250C93}.Release|iPhone.Deploy.0 = Release|Any CPU
		{53EB8612-36FD-42EF-9C0C-92B043250C93}.Release|iPhoneSimulator.ActiveCfg = Release|Any CPU
		{53EB8612-36FD-42EF-9C0C-92B043250C93}.Release|iPhoneSimulator.Build.0 = Release|Any CPU
		{53EB8612-36FD-42EF-9C0C-92B043250C93}.Release|iPhoneSimulator.Deploy.0 = Release|Any CPU
		{53EB8612-36FD-42EF-9C0C-92B043250C93}.Release|x64.ActiveCfg = Release|Any CPU
		{53EB8612-36FD-42EF-9C0C-92B043250C93}.Release|x64.Build.0 = Release|Any CPU
		{53EB8612-36FD-42EF-9C0C-92B043250C93}.Release|x64.Deploy.0 = Release|Any CPU
		{53EB8612-36FD-42EF-9C0C-92B043250C93}.Release|x86.ActiveCfg = Release|Any CPU
		{53EB8612-36FD-42EF-9C0C-92B043250C93}.Release|x86.Build.0 = Release|Any CPU
		{53EB8612-36FD-42EF-9C0C-92B043250C93}.Release|x86.Deploy.0 = Release|Any CPU
		{43FF8A50-4453-429A-A08C-52C9738C4EB6}.Ad-Hoc|Any CPU.ActiveCfg = Debug|Any CPU
		{43FF8A50-4453-429A-A08C-52C9738C4EB6}.Ad-Hoc|Any CPU.Build.0 = Debug|Any CPU
		{43FF8A50-4453-429A-A08C-52C9738C4EB6}.Ad-Hoc|ARM.ActiveCfg = Debug|Any CPU
		{43FF8A50-4453-429A-A08C-52C9738C4EB6}.Ad-Hoc|ARM.Build.0 = Debug|Any CPU
		{43FF8A50-4453-429A-A08C-52C9738C4EB6}.Ad-Hoc|ARM64.ActiveCfg = Debug|Any CPU
		{43FF8A50-4453-429A-A08C-52C9738C4EB6}.Ad-Hoc|ARM64.Build.0 = Debug|Any CPU
		{43FF8A50-4453-429A-A08C-52C9738C4EB6}.Ad-Hoc|iPhone.ActiveCfg = Debug|Any CPU
		{43FF8A50-4453-429A-A08C-52C9738C4EB6}.Ad-Hoc|iPhone.Build.0 = Debug|Any CPU
		{43FF8A50-4453-429A-A08C-52C9738C4EB6}.Ad-Hoc|iPhoneSimulator.ActiveCfg = Debug|Any CPU
		{43FF8A50-4453-429A-A08C-52C9738C4EB6}.Ad-Hoc|iPhoneSimulator.Build.0 = Debug|Any CPU
		{43FF8A50-4453-429A-A08C-52C9738C4EB6}.Ad-Hoc|x64.ActiveCfg = Debug|Any CPU
		{43FF8A50-4453-429A-A08C-52C9738C4EB6}.Ad-Hoc|x64.Build.0 = Debug|Any CPU
		{43FF8A50-4453-429A-A08C-52C9738C4EB6}.Ad-Hoc|x86.ActiveCfg = Debug|Any CPU
		{43FF8A50-4453-429A-A08C-52C9738C4EB6}.Ad-Hoc|x86.Build.0 = Debug|Any CPU
		{43FF8A50-4453-429A-A08C-52C9738C4EB6}.AppStore|Any CPU.ActiveCfg = Debug|Any CPU
		{43FF8A50-4453-429A-A08C-52C9738C4EB6}.AppStore|Any CPU.Build.0 = Debug|Any CPU
		{43FF8A50-4453-429A-A08C-52C9738C4EB6}.AppStore|ARM.ActiveCfg = Debug|Any CPU
		{43FF8A50-4453-429A-A08C-52C9738C4EB6}.AppStore|ARM.Build.0 = Debug|Any CPU
		{43FF8A50-4453-429A-A08C-52C9738C4EB6}.AppStore|ARM64.ActiveCfg = Debug|Any CPU
		{43FF8A50-4453-429A-A08C-52C9738C4EB6}.AppStore|ARM64.Build.0 = Debug|Any CPU
		{43FF8A50-4453-429A-A08C-52C9738C4EB6}.AppStore|iPhone.ActiveCfg = Debug|Any CPU
		{43FF8A50-4453-429A-A08C-52C9738C4EB6}.AppStore|iPhone.Build.0 = Debug|Any CPU
		{43FF8A50-4453-429A-A08C-52C9738C4EB6}.AppStore|iPhoneSimulator.ActiveCfg = Debug|Any CPU
		{43FF8A50-4453-429A-A08C-52C9738C4EB6}.AppStore|iPhoneSimulator.Build.0 = Debug|Any CPU
		{43FF8A50-4453-429A-A08C-52C9738C4EB6}.AppStore|x64.ActiveCfg = Debug|Any CPU
		{43FF8A50-4453-429A-A08C-52C9738C4EB6}.AppStore|x64.Build.0 = Debug|Any CPU
		{43FF8A50-4453-429A-A08C-52C9738C4EB6}.AppStore|x86.ActiveCfg = Debug|Any CPU
		{43FF8A50-4453-429A-A08C-52C9738C4EB6}.AppStore|x86.Build.0 = Debug|Any CPU
		{43FF8A50-4453-429A-A08C-52C9738C4EB6}.Debug|Any CPU.ActiveCfg = Debug|Any CPU
		{43FF8A50-4453-429A-A08C-52C9738C4EB6}.Debug|Any CPU.Build.0 = Debug|Any CPU
		{43FF8A50-4453-429A-A08C-52C9738C4EB6}.Debug|ARM.ActiveCfg = Debug|Any CPU
		{43FF8A50-4453-429A-A08C-52C9738C4EB6}.Debug|ARM.Build.0 = Debug|Any CPU
		{43FF8A50-4453-429A-A08C-52C9738C4EB6}.Debug|ARM64.ActiveCfg = Debug|Any CPU
		{43FF8A50-4453-429A-A08C-52C9738C4EB6}.Debug|ARM64.Build.0 = Debug|Any CPU
		{43FF8A50-4453-429A-A08C-52C9738C4EB6}.Debug|iPhone.ActiveCfg = Debug|Any CPU
		{43FF8A50-4453-429A-A08C-52C9738C4EB6}.Debug|iPhone.Build.0 = Debug|Any CPU
		{43FF8A50-4453-429A-A08C-52C9738C4EB6}.Debug|iPhoneSimulator.ActiveCfg = Debug|Any CPU
		{43FF8A50-4453-429A-A08C-52C9738C4EB6}.Debug|iPhoneSimulator.Build.0 = Debug|Any CPU
		{43FF8A50-4453-429A-A08C-52C9738C4EB6}.Debug|x64.ActiveCfg = Debug|Any CPU
		{43FF8A50-4453-429A-A08C-52C9738C4EB6}.Debug|x64.Build.0 = Debug|Any CPU
		{43FF8A50-4453-429A-A08C-52C9738C4EB6}.Debug|x86.ActiveCfg = Debug|Any CPU
		{43FF8A50-4453-429A-A08C-52C9738C4EB6}.Debug|x86.Build.0 = Debug|Any CPU
		{43FF8A50-4453-429A-A08C-52C9738C4EB6}.Release|Any CPU.ActiveCfg = Release|Any CPU
		{43FF8A50-4453-429A-A08C-52C9738C4EB6}.Release|Any CPU.Build.0 = Release|Any CPU
		{43FF8A50-4453-429A-A08C-52C9738C4EB6}.Release|ARM.ActiveCfg = Release|Any CPU
		{43FF8A50-4453-429A-A08C-52C9738C4EB6}.Release|ARM.Build.0 = Release|Any CPU
		{43FF8A50-4453-429A-A08C-52C9738C4EB6}.Release|ARM64.ActiveCfg = Release|Any CPU
		{43FF8A50-4453-429A-A08C-52C9738C4EB6}.Release|ARM64.Build.0 = Release|Any CPU
		{43FF8A50-4453-429A-A08C-52C9738C4EB6}.Release|iPhone.ActiveCfg = Release|Any CPU
		{43FF8A50-4453-429A-A08C-52C9738C4EB6}.Release|iPhone.Build.0 = Release|Any CPU
		{43FF8A50-4453-429A-A08C-52C9738C4EB6}.Release|iPhoneSimulator.ActiveCfg = Release|Any CPU
		{43FF8A50-4453-429A-A08C-52C9738C4EB6}.Release|iPhoneSimulator.Build.0 = Release|Any CPU
		{43FF8A50-4453-429A-A08C-52C9738C4EB6}.Release|x64.ActiveCfg = Release|Any CPU
		{43FF8A50-4453-429A-A08C-52C9738C4EB6}.Release|x64.Build.0 = Release|Any CPU
		{43FF8A50-4453-429A-A08C-52C9738C4EB6}.Release|x86.ActiveCfg = Release|Any CPU
		{43FF8A50-4453-429A-A08C-52C9738C4EB6}.Release|x86.Build.0 = Release|Any CPU
		{20076AA6-47DB-4CF3-A732-2148B76E1025}.Ad-Hoc|Any CPU.ActiveCfg = Release|Any CPU
		{20076AA6-47DB-4CF3-A732-2148B76E1025}.Ad-Hoc|Any CPU.Build.0 = Release|Any CPU
		{20076AA6-47DB-4CF3-A732-2148B76E1025}.Ad-Hoc|ARM.ActiveCfg = Release|Any CPU
		{20076AA6-47DB-4CF3-A732-2148B76E1025}.Ad-Hoc|ARM.Build.0 = Release|Any CPU
		{20076AA6-47DB-4CF3-A732-2148B76E1025}.Ad-Hoc|ARM64.ActiveCfg = Release|Any CPU
		{20076AA6-47DB-4CF3-A732-2148B76E1025}.Ad-Hoc|ARM64.Build.0 = Release|Any CPU
		{20076AA6-47DB-4CF3-A732-2148B76E1025}.Ad-Hoc|iPhone.ActiveCfg = Release|Any CPU
		{20076AA6-47DB-4CF3-A732-2148B76E1025}.Ad-Hoc|iPhone.Build.0 = Release|Any CPU
		{20076AA6-47DB-4CF3-A732-2148B76E1025}.Ad-Hoc|iPhoneSimulator.ActiveCfg = Release|Any CPU
		{20076AA6-47DB-4CF3-A732-2148B76E1025}.Ad-Hoc|iPhoneSimulator.Build.0 = Release|Any CPU
		{20076AA6-47DB-4CF3-A732-2148B76E1025}.Ad-Hoc|x64.ActiveCfg = Release|Any CPU
		{20076AA6-47DB-4CF3-A732-2148B76E1025}.Ad-Hoc|x64.Build.0 = Release|Any CPU
		{20076AA6-47DB-4CF3-A732-2148B76E1025}.Ad-Hoc|x86.ActiveCfg = Release|Any CPU
		{20076AA6-47DB-4CF3-A732-2148B76E1025}.Ad-Hoc|x86.Build.0 = Release|Any CPU
		{20076AA6-47DB-4CF3-A732-2148B76E1025}.AppStore|Any CPU.ActiveCfg = Release|Any CPU
		{20076AA6-47DB-4CF3-A732-2148B76E1025}.AppStore|Any CPU.Build.0 = Release|Any CPU
		{20076AA6-47DB-4CF3-A732-2148B76E1025}.AppStore|ARM.ActiveCfg = Release|Any CPU
		{20076AA6-47DB-4CF3-A732-2148B76E1025}.AppStore|ARM.Build.0 = Release|Any CPU
		{20076AA6-47DB-4CF3-A732-2148B76E1025}.AppStore|ARM64.ActiveCfg = Release|Any CPU
		{20076AA6-47DB-4CF3-A732-2148B76E1025}.AppStore|ARM64.Build.0 = Release|Any CPU
		{20076AA6-47DB-4CF3-A732-2148B76E1025}.AppStore|iPhone.ActiveCfg = Release|Any CPU
		{20076AA6-47DB-4CF3-A732-2148B76E1025}.AppStore|iPhone.Build.0 = Release|Any CPU
		{20076AA6-47DB-4CF3-A732-2148B76E1025}.AppStore|iPhoneSimulator.ActiveCfg = Release|Any CPU
		{20076AA6-47DB-4CF3-A732-2148B76E1025}.AppStore|iPhoneSimulator.Build.0 = Release|Any CPU
		{20076AA6-47DB-4CF3-A732-2148B76E1025}.AppStore|x64.ActiveCfg = Release|Any CPU
		{20076AA6-47DB-4CF3-A732-2148B76E1025}.AppStore|x64.Build.0 = Release|Any CPU
		{20076AA6-47DB-4CF3-A732-2148B76E1025}.AppStore|x86.ActiveCfg = Release|Any CPU
		{20076AA6-47DB-4CF3-A732-2148B76E1025}.AppStore|x86.Build.0 = Release|Any CPU
		{20076AA6-47DB-4CF3-A732-2148B76E1025}.Debug|Any CPU.ActiveCfg = Debug|Any CPU
		{20076AA6-47DB-4CF3-A732-2148B76E1025}.Debug|Any CPU.Build.0 = Debug|Any CPU
		{20076AA6-47DB-4CF3-A732-2148B76E1025}.Debug|ARM.ActiveCfg = Debug|Any CPU
		{20076AA6-47DB-4CF3-A732-2148B76E1025}.Debug|ARM.Build.0 = Debug|Any CPU
		{20076AA6-47DB-4CF3-A732-2148B76E1025}.Debug|ARM64.ActiveCfg = Debug|Any CPU
		{20076AA6-47DB-4CF3-A732-2148B76E1025}.Debug|ARM64.Build.0 = Debug|Any CPU
		{20076AA6-47DB-4CF3-A732-2148B76E1025}.Debug|iPhone.ActiveCfg = Debug|Any CPU
		{20076AA6-47DB-4CF3-A732-2148B76E1025}.Debug|iPhone.Build.0 = Debug|Any CPU
		{20076AA6-47DB-4CF3-A732-2148B76E1025}.Debug|iPhoneSimulator.ActiveCfg = Debug|Any CPU
		{20076AA6-47DB-4CF3-A732-2148B76E1025}.Debug|iPhoneSimulator.Build.0 = Debug|Any CPU
		{20076AA6-47DB-4CF3-A732-2148B76E1025}.Debug|x64.ActiveCfg = Debug|Any CPU
		{20076AA6-47DB-4CF3-A732-2148B76E1025}.Debug|x64.Build.0 = Debug|Any CPU
		{20076AA6-47DB-4CF3-A732-2148B76E1025}.Debug|x86.ActiveCfg = Debug|Any CPU
		{20076AA6-47DB-4CF3-A732-2148B76E1025}.Debug|x86.Build.0 = Debug|Any CPU
		{20076AA6-47DB-4CF3-A732-2148B76E1025}.Release|Any CPU.ActiveCfg = Release|Any CPU
		{20076AA6-47DB-4CF3-A732-2148B76E1025}.Release|Any CPU.Build.0 = Release|Any CPU
		{20076AA6-47DB-4CF3-A732-2148B76E1025}.Release|ARM.ActiveCfg = Release|Any CPU
		{20076AA6-47DB-4CF3-A732-2148B76E1025}.Release|ARM.Build.0 = Release|Any CPU
		{20076AA6-47DB-4CF3-A732-2148B76E1025}.Release|ARM64.ActiveCfg = Release|Any CPU
		{20076AA6-47DB-4CF3-A732-2148B76E1025}.Release|ARM64.Build.0 = Release|Any CPU
		{20076AA6-47DB-4CF3-A732-2148B76E1025}.Release|iPhone.ActiveCfg = Release|Any CPU
		{20076AA6-47DB-4CF3-A732-2148B76E1025}.Release|iPhone.Build.0 = Release|Any CPU
		{20076AA6-47DB-4CF3-A732-2148B76E1025}.Release|iPhoneSimulator.ActiveCfg = Release|Any CPU
		{20076AA6-47DB-4CF3-A732-2148B76E1025}.Release|iPhoneSimulator.Build.0 = Release|Any CPU
		{20076AA6-47DB-4CF3-A732-2148B76E1025}.Release|x64.ActiveCfg = Release|Any CPU
		{20076AA6-47DB-4CF3-A732-2148B76E1025}.Release|x64.Build.0 = Release|Any CPU
		{20076AA6-47DB-4CF3-A732-2148B76E1025}.Release|x86.ActiveCfg = Release|Any CPU
		{20076AA6-47DB-4CF3-A732-2148B76E1025}.Release|x86.Build.0 = Release|Any CPU
		{E71F3053-056C-4381-9638-048ED73BDFF6}.Ad-Hoc|Any CPU.ActiveCfg = Release|Any CPU
		{E71F3053-056C-4381-9638-048ED73BDFF6}.Ad-Hoc|Any CPU.Build.0 = Release|Any CPU
		{E71F3053-056C-4381-9638-048ED73BDFF6}.Ad-Hoc|ARM.ActiveCfg = Release|Any CPU
		{E71F3053-056C-4381-9638-048ED73BDFF6}.Ad-Hoc|ARM.Build.0 = Release|Any CPU
		{E71F3053-056C-4381-9638-048ED73BDFF6}.Ad-Hoc|ARM64.ActiveCfg = Release|Any CPU
		{E71F3053-056C-4381-9638-048ED73BDFF6}.Ad-Hoc|ARM64.Build.0 = Release|Any CPU
		{E71F3053-056C-4381-9638-048ED73BDFF6}.Ad-Hoc|iPhone.ActiveCfg = Release|Any CPU
		{E71F3053-056C-4381-9638-048ED73BDFF6}.Ad-Hoc|iPhone.Build.0 = Release|Any CPU
		{E71F3053-056C-4381-9638-048ED73BDFF6}.Ad-Hoc|iPhoneSimulator.ActiveCfg = Release|Any CPU
		{E71F3053-056C-4381-9638-048ED73BDFF6}.Ad-Hoc|iPhoneSimulator.Build.0 = Release|Any CPU
		{E71F3053-056C-4381-9638-048ED73BDFF6}.Ad-Hoc|x64.ActiveCfg = Release|Any CPU
		{E71F3053-056C-4381-9638-048ED73BDFF6}.Ad-Hoc|x64.Build.0 = Release|Any CPU
		{E71F3053-056C-4381-9638-048ED73BDFF6}.Ad-Hoc|x86.ActiveCfg = Release|Any CPU
		{E71F3053-056C-4381-9638-048ED73BDFF6}.Ad-Hoc|x86.Build.0 = Release|Any CPU
		{E71F3053-056C-4381-9638-048ED73BDFF6}.AppStore|Any CPU.ActiveCfg = Release|Any CPU
		{E71F3053-056C-4381-9638-048ED73BDFF6}.AppStore|Any CPU.Build.0 = Release|Any CPU
		{E71F3053-056C-4381-9638-048ED73BDFF6}.AppStore|ARM.ActiveCfg = Release|Any CPU
		{E71F3053-056C-4381-9638-048ED73BDFF6}.AppStore|ARM.Build.0 = Release|Any CPU
		{E71F3053-056C-4381-9638-048ED73BDFF6}.AppStore|ARM64.ActiveCfg = Release|Any CPU
		{E71F3053-056C-4381-9638-048ED73BDFF6}.AppStore|ARM64.Build.0 = Release|Any CPU
		{E71F3053-056C-4381-9638-048ED73BDFF6}.AppStore|iPhone.ActiveCfg = Release|Any CPU
		{E71F3053-056C-4381-9638-048ED73BDFF6}.AppStore|iPhone.Build.0 = Release|Any CPU
		{E71F3053-056C-4381-9638-048ED73BDFF6}.AppStore|iPhoneSimulator.ActiveCfg = Release|Any CPU
		{E71F3053-056C-4381-9638-048ED73BDFF6}.AppStore|iPhoneSimulator.Build.0 = Release|Any CPU
		{E71F3053-056C-4381-9638-048ED73BDFF6}.AppStore|x64.ActiveCfg = Release|Any CPU
		{E71F3053-056C-4381-9638-048ED73BDFF6}.AppStore|x64.Build.0 = Release|Any CPU
		{E71F3053-056C-4381-9638-048ED73BDFF6}.AppStore|x86.ActiveCfg = Release|Any CPU
		{E71F3053-056C-4381-9638-048ED73BDFF6}.AppStore|x86.Build.0 = Release|Any CPU
		{E71F3053-056C-4381-9638-048ED73BDFF6}.Debug|Any CPU.ActiveCfg = Debug|Any CPU
		{E71F3053-056C-4381-9638-048ED73BDFF6}.Debug|Any CPU.Build.0 = Debug|Any CPU
		{E71F3053-056C-4381-9638-048ED73BDFF6}.Debug|ARM.ActiveCfg = Debug|Any CPU
		{E71F3053-056C-4381-9638-048ED73BDFF6}.Debug|ARM.Build.0 = Debug|Any CPU
		{E71F3053-056C-4381-9638-048ED73BDFF6}.Debug|ARM64.ActiveCfg = Debug|Any CPU
		{E71F3053-056C-4381-9638-048ED73BDFF6}.Debug|ARM64.Build.0 = Debug|Any CPU
		{E71F3053-056C-4381-9638-048ED73BDFF6}.Debug|iPhone.ActiveCfg = Debug|Any CPU
		{E71F3053-056C-4381-9638-048ED73BDFF6}.Debug|iPhone.Build.0 = Debug|Any CPU
		{E71F3053-056C-4381-9638-048ED73BDFF6}.Debug|iPhoneSimulator.ActiveCfg = Debug|Any CPU
		{E71F3053-056C-4381-9638-048ED73BDFF6}.Debug|iPhoneSimulator.Build.0 = Debug|Any CPU
		{E71F3053-056C-4381-9638-048ED73BDFF6}.Debug|x64.ActiveCfg = Debug|Any CPU
		{E71F3053-056C-4381-9638-048ED73BDFF6}.Debug|x64.Build.0 = Debug|Any CPU
		{E71F3053-056C-4381-9638-048ED73BDFF6}.Debug|x86.ActiveCfg = Debug|Any CPU
		{E71F3053-056C-4381-9638-048ED73BDFF6}.Debug|x86.Build.0 = Debug|Any CPU
		{E71F3053-056C-4381-9638-048ED73BDFF6}.Release|Any CPU.ActiveCfg = Release|Any CPU
		{E71F3053-056C-4381-9638-048ED73BDFF6}.Release|Any CPU.Build.0 = Release|Any CPU
		{E71F3053-056C-4381-9638-048ED73BDFF6}.Release|ARM.ActiveCfg = Release|Any CPU
		{E71F3053-056C-4381-9638-048ED73BDFF6}.Release|ARM.Build.0 = Release|Any CPU
		{E71F3053-056C-4381-9638-048ED73BDFF6}.Release|ARM64.ActiveCfg = Release|Any CPU
		{E71F3053-056C-4381-9638-048ED73BDFF6}.Release|ARM64.Build.0 = Release|Any CPU
		{E71F3053-056C-4381-9638-048ED73BDFF6}.Release|iPhone.ActiveCfg = Release|Any CPU
		{E71F3053-056C-4381-9638-048ED73BDFF6}.Release|iPhone.Build.0 = Release|Any CPU
		{E71F3053-056C-4381-9638-048ED73BDFF6}.Release|iPhoneSimulator.ActiveCfg = Release|Any CPU
		{E71F3053-056C-4381-9638-048ED73BDFF6}.Release|iPhoneSimulator.Build.0 = Release|Any CPU
		{E71F3053-056C-4381-9638-048ED73BDFF6}.Release|x64.ActiveCfg = Release|Any CPU
		{E71F3053-056C-4381-9638-048ED73BDFF6}.Release|x64.Build.0 = Release|Any CPU
		{E71F3053-056C-4381-9638-048ED73BDFF6}.Release|x86.ActiveCfg = Release|Any CPU
		{E71F3053-056C-4381-9638-048ED73BDFF6}.Release|x86.Build.0 = Release|Any CPU
		{B8C0F852-1501-4146-B424-5766014EF4D9}.Ad-Hoc|Any CPU.ActiveCfg = Release|Any CPU
		{B8C0F852-1501-4146-B424-5766014EF4D9}.Ad-Hoc|Any CPU.Build.0 = Release|Any CPU
		{B8C0F852-1501-4146-B424-5766014EF4D9}.Ad-Hoc|ARM.ActiveCfg = Release|ARM
		{B8C0F852-1501-4146-B424-5766014EF4D9}.Ad-Hoc|ARM.Build.0 = Release|ARM
		{B8C0F852-1501-4146-B424-5766014EF4D9}.Ad-Hoc|ARM64.ActiveCfg = Release|ARM64
		{B8C0F852-1501-4146-B424-5766014EF4D9}.Ad-Hoc|ARM64.Build.0 = Release|ARM64
		{B8C0F852-1501-4146-B424-5766014EF4D9}.Ad-Hoc|iPhone.ActiveCfg = Release|Any CPU
		{B8C0F852-1501-4146-B424-5766014EF4D9}.Ad-Hoc|iPhone.Build.0 = Release|Any CPU
		{B8C0F852-1501-4146-B424-5766014EF4D9}.Ad-Hoc|iPhoneSimulator.ActiveCfg = Release|Any CPU
		{B8C0F852-1501-4146-B424-5766014EF4D9}.Ad-Hoc|iPhoneSimulator.Build.0 = Release|Any CPU
		{B8C0F852-1501-4146-B424-5766014EF4D9}.Ad-Hoc|x64.ActiveCfg = Release|x64
		{B8C0F852-1501-4146-B424-5766014EF4D9}.Ad-Hoc|x64.Build.0 = Release|x64
		{B8C0F852-1501-4146-B424-5766014EF4D9}.Ad-Hoc|x86.ActiveCfg = Release|x86
		{B8C0F852-1501-4146-B424-5766014EF4D9}.Ad-Hoc|x86.Build.0 = Release|x86
		{B8C0F852-1501-4146-B424-5766014EF4D9}.AppStore|Any CPU.ActiveCfg = Release|Any CPU
		{B8C0F852-1501-4146-B424-5766014EF4D9}.AppStore|Any CPU.Build.0 = Release|Any CPU
		{B8C0F852-1501-4146-B424-5766014EF4D9}.AppStore|ARM.ActiveCfg = Release|ARM
		{B8C0F852-1501-4146-B424-5766014EF4D9}.AppStore|ARM.Build.0 = Release|ARM
		{B8C0F852-1501-4146-B424-5766014EF4D9}.AppStore|ARM64.ActiveCfg = Release|ARM64
		{B8C0F852-1501-4146-B424-5766014EF4D9}.AppStore|ARM64.Build.0 = Release|ARM64
		{B8C0F852-1501-4146-B424-5766014EF4D9}.AppStore|iPhone.ActiveCfg = Release|Any CPU
		{B8C0F852-1501-4146-B424-5766014EF4D9}.AppStore|iPhone.Build.0 = Release|Any CPU
		{B8C0F852-1501-4146-B424-5766014EF4D9}.AppStore|iPhoneSimulator.ActiveCfg = Release|Any CPU
		{B8C0F852-1501-4146-B424-5766014EF4D9}.AppStore|iPhoneSimulator.Build.0 = Release|Any CPU
		{B8C0F852-1501-4146-B424-5766014EF4D9}.AppStore|x64.ActiveCfg = Release|x64
		{B8C0F852-1501-4146-B424-5766014EF4D9}.AppStore|x64.Build.0 = Release|x64
		{B8C0F852-1501-4146-B424-5766014EF4D9}.AppStore|x86.ActiveCfg = Release|x86
		{B8C0F852-1501-4146-B424-5766014EF4D9}.AppStore|x86.Build.0 = Release|x86
		{B8C0F852-1501-4146-B424-5766014EF4D9}.Debug|Any CPU.ActiveCfg = Debug|Any CPU
		{B8C0F852-1501-4146-B424-5766014EF4D9}.Debug|Any CPU.Build.0 = Debug|Any CPU
		{B8C0F852-1501-4146-B424-5766014EF4D9}.Debug|ARM.ActiveCfg = Debug|ARM
		{B8C0F852-1501-4146-B424-5766014EF4D9}.Debug|ARM.Build.0 = Debug|ARM
		{B8C0F852-1501-4146-B424-5766014EF4D9}.Debug|ARM64.ActiveCfg = Debug|ARM64
		{B8C0F852-1501-4146-B424-5766014EF4D9}.Debug|ARM64.Build.0 = Debug|ARM64
		{B8C0F852-1501-4146-B424-5766014EF4D9}.Debug|iPhone.ActiveCfg = Debug|Any CPU
		{B8C0F852-1501-4146-B424-5766014EF4D9}.Debug|iPhone.Build.0 = Debug|Any CPU
		{B8C0F852-1501-4146-B424-5766014EF4D9}.Debug|iPhoneSimulator.ActiveCfg = Debug|Any CPU
		{B8C0F852-1501-4146-B424-5766014EF4D9}.Debug|iPhoneSimulator.Build.0 = Debug|Any CPU
		{B8C0F852-1501-4146-B424-5766014EF4D9}.Debug|x64.ActiveCfg = Debug|x64
		{B8C0F852-1501-4146-B424-5766014EF4D9}.Debug|x64.Build.0 = Debug|x64
		{B8C0F852-1501-4146-B424-5766014EF4D9}.Debug|x86.ActiveCfg = Debug|x86
		{B8C0F852-1501-4146-B424-5766014EF4D9}.Debug|x86.Build.0 = Debug|x86
		{B8C0F852-1501-4146-B424-5766014EF4D9}.Release|Any CPU.ActiveCfg = Release|Any CPU
		{B8C0F852-1501-4146-B424-5766014EF4D9}.Release|Any CPU.Build.0 = Release|Any CPU
		{B8C0F852-1501-4146-B424-5766014EF4D9}.Release|ARM.ActiveCfg = Release|ARM
		{B8C0F852-1501-4146-B424-5766014EF4D9}.Release|ARM.Build.0 = Release|ARM
		{B8C0F852-1501-4146-B424-5766014EF4D9}.Release|ARM64.ActiveCfg = Release|ARM64
		{B8C0F852-1501-4146-B424-5766014EF4D9}.Release|ARM64.Build.0 = Release|ARM64
		{B8C0F852-1501-4146-B424-5766014EF4D9}.Release|iPhone.ActiveCfg = Release|Any CPU
		{B8C0F852-1501-4146-B424-5766014EF4D9}.Release|iPhone.Build.0 = Release|Any CPU
		{B8C0F852-1501-4146-B424-5766014EF4D9}.Release|iPhoneSimulator.ActiveCfg = Release|Any CPU
		{B8C0F852-1501-4146-B424-5766014EF4D9}.Release|iPhoneSimulator.Build.0 = Release|Any CPU
		{B8C0F852-1501-4146-B424-5766014EF4D9}.Release|x64.ActiveCfg = Release|x64
		{B8C0F852-1501-4146-B424-5766014EF4D9}.Release|x64.Build.0 = Release|x64
		{B8C0F852-1501-4146-B424-5766014EF4D9}.Release|x86.ActiveCfg = Release|x86
		{B8C0F852-1501-4146-B424-5766014EF4D9}.Release|x86.Build.0 = Release|x86
	EndGlobalSection
	GlobalSection(SolutionProperties) = preSolution
		HideSolutionNode = FALSE
	EndGlobalSection
	GlobalSection(NestedProjects) = preSolution
		{43FF8A50-4453-429A-A08C-52C9738C4EB6} = {E377B7A5-5350-4081-ACBB-9EC13F8BA5D0}
		{20076AA6-47DB-4CF3-A732-2148B76E1025} = {E377B7A5-5350-4081-ACBB-9EC13F8BA5D0}
		{E71F3053-056C-4381-9638-048ED73BDFF6} = {E377B7A5-5350-4081-ACBB-9EC13F8BA5D0}
		{B8C0F852-1501-4146-B424-5766014EF4D9} = {E377B7A5-5350-4081-ACBB-9EC13F8BA5D0}
	EndGlobalSection
	GlobalSection(ExtensibilityGlobals) = postSolution
		SolutionGuid = {25D1FCB6-7969-4BCE-8A41-2BE8D5DA83DF}
	EndGlobalSection
EndGlobal
